// !$*UTF8*$!
{
	archiveVersion = 1;
	classes = {
	};
	objectVersion = 56;
	objects = {

/* Begin PBXBuildFile section */
		B725D77F2C41C338004D8AEA /* Final_ProjectApp.swift in Sources */ = {isa = PBXBuildFile; fileRef = B725D77E2C41C338004D8AEA /* Final_ProjectApp.swift */; };
		B725D7812C41C338004D8AEA /* ContentView.swift in Sources */ = {isa = PBXBuildFile; fileRef = B725D7802C41C338004D8AEA /* ContentView.swift */; };
		B725D7832C41C33B004D8AEA /* Assets.xcassets in Resources */ = {isa = PBXBuildFile; fileRef = B725D7822C41C33B004D8AEA /* Assets.xcassets */; };
		B725D7862C41C33B004D8AEA /* Preview Assets.xcassets in Resources */ = {isa = PBXBuildFile; fileRef = B725D7852C41C33B004D8AEA /* Preview Assets.xcassets */; };
		B725D7902C41C33C004D8AEA /* Final_ProjectTests.swift in Sources */ = {isa = PBXBuildFile; fileRef = B725D78F2C41C33C004D8AEA /* Final_ProjectTests.swift */; };
		B725D79A2C41C33C004D8AEA /* Final_ProjectUITests.swift in Sources */ = {isa = PBXBuildFile; fileRef = B725D7992C41C33C004D8AEA /* Final_ProjectUITests.swift */; };
		B725D79C2C41C33C004D8AEA /* Final_ProjectUITestsLaunchTests.swift in Sources */ = {isa = PBXBuildFile; fileRef = B725D79B2C41C33C004D8AEA /* Final_ProjectUITestsLaunchTests.swift */; };
		B725D8592C4707C6004D8AEA /* HomePage.swift in Sources */ = {isa = PBXBuildFile; fileRef = B725D8582C4707C5004D8AEA /* HomePage.swift */; };
		B725D85B2C4707DA004D8AEA /* CalendarView.swift in Sources */ = {isa = PBXBuildFile; fileRef = B725D85A2C4707DA004D8AEA /* CalendarView.swift */; };
		B725D85D2C4707E9004D8AEA /* SymptomsView.swift in Sources */ = {isa = PBXBuildFile; fileRef = B725D85C2C4707E9004D8AEA /* SymptomsView.swift */; };
		B725D85F2C4707FF004D8AEA /* FAQ.swift in Sources */ = {isa = PBXBuildFile; fileRef = B725D85E2C4707FF004D8AEA /* FAQ.swift */; };
		B725D8612C470825004D8AEA /* Stigma.swift in Sources */ = {isa = PBXBuildFile; fileRef = B725D8602C470825004D8AEA /* Stigma.swift */; };
/* End PBXBuildFile section */

/* Begin PBXContainerItemProxy section */
		B725D78C2C41C33C004D8AEA /* PBXContainerItemProxy */ = {
			isa = PBXContainerItemProxy;
			containerPortal = B725D7732C41C338004D8AEA /* Project object */;
			proxyType = 1;
			remoteGlobalIDString = B725D77A2C41C338004D8AEA;
			remoteInfo = "Final Project";
		};
		B725D7962C41C33C004D8AEA /* PBXContainerItemProxy */ = {
			isa = PBXContainerItemProxy;
			containerPortal = B725D7732C41C338004D8AEA /* Project object */;
			proxyType = 1;
			remoteGlobalIDString = B725D77A2C41C338004D8AEA;
			remoteInfo = "Final Project";
		};
/* End PBXContainerItemProxy section */

/* Begin PBXFileReference section */
		B725D77B2C41C338004D8AEA /* Final Project.app */ = {isa = PBXFileReference; explicitFileType = wrapper.application; includeInIndex = 0; path = "Final Project.app"; sourceTree = BUILT_PRODUCTS_DIR; };
		B725D77E2C41C338004D8AEA /* Final_ProjectApp.swift */ = {isa = PBXFileReference; lastKnownFileType = sourcecode.swift; path = Final_ProjectApp.swift; sourceTree = "<group>"; };
		B725D7802C41C338004D8AEA /* ContentView.swift */ = {isa = PBXFileReference; lastKnownFileType = sourcecode.swift; path = ContentView.swift; sourceTree = "<group>"; };
		B725D7822C41C33B004D8AEA /* Assets.xcassets */ = {isa = PBXFileReference; lastKnownFileType = folder.assetcatalog; path = Assets.xcassets; sourceTree = "<group>"; };
		B725D7852C41C33B004D8AEA /* Preview Assets.xcassets */ = {isa = PBXFileReference; lastKnownFileType = folder.assetcatalog; path = "Preview Assets.xcassets"; sourceTree = "<group>"; };
		B725D78B2C41C33C004D8AEA /* Final ProjectTests.xctest */ = {isa = PBXFileReference; explicitFileType = wrapper.cfbundle; includeInIndex = 0; path = "Final ProjectTests.xctest"; sourceTree = BUILT_PRODUCTS_DIR; };
		B725D78F2C41C33C004D8AEA /* Final_ProjectTests.swift */ = {isa = PBXFileReference; lastKnownFileType = sourcecode.swift; path = Final_ProjectTests.swift; sourceTree = "<group>"; };
		B725D7952C41C33C004D8AEA /* Final ProjectUITests.xctest */ = {isa = PBXFileReference; explicitFileType = wrapper.cfbundle; includeInIndex = 0; path = "Final ProjectUITests.xctest"; sourceTree = BUILT_PRODUCTS_DIR; };
		B725D7992C41C33C004D8AEA /* Final_ProjectUITests.swift */ = {isa = PBXFileReference; lastKnownFileType = sourcecode.swift; path = Final_ProjectUITests.swift; sourceTree = "<group>"; };
		B725D79B2C41C33C004D8AEA /* Final_ProjectUITestsLaunchTests.swift */ = {isa = PBXFileReference; lastKnownFileType = sourcecode.swift; path = Final_ProjectUITestsLaunchTests.swift; sourceTree = "<group>"; };
		B725D8582C4707C5004D8AEA /* HomePage.swift */ = {isa = PBXFileReference; lastKnownFileType = sourcecode.swift; path = HomePage.swift; sourceTree = "<group>"; };
		B725D85A2C4707DA004D8AEA /* CalendarView.swift */ = {isa = PBXFileReference; lastKnownFileType = sourcecode.swift; path = CalendarView.swift; sourceTree = "<group>"; };
		B725D85C2C4707E9004D8AEA /* SymptomsView.swift */ = {isa = PBXFileReference; lastKnownFileType = sourcecode.swift; path = SymptomsView.swift; sourceTree = "<group>"; };
		B725D85E2C4707FF004D8AEA /* FAQ.swift */ = {isa = PBXFileReference; lastKnownFileType = sourcecode.swift; path = FAQ.swift; sourceTree = "<group>"; };
		B725D8602C470825004D8AEA /* Stigma.swift */ = {isa = PBXFileReference; lastKnownFileType = sourcecode.swift; path = Stigma.swift; sourceTree = "<group>"; };
/* End PBXFileReference section */

/* Begin PBXFrameworksBuildPhase section */
		B725D7782C41C338004D8AEA /* Frameworks */ = {
			isa = PBXFrameworksBuildPhase;
			buildActionMask = 2147483647;
			files = (
			);
			runOnlyForDeploymentPostprocessing = 0;
		};
		B725D7882C41C33C004D8AEA /* Frameworks */ = {
			isa = PBXFrameworksBuildPhase;
			buildActionMask = 2147483647;
			files = (
			);
			runOnlyForDeploymentPostprocessing = 0;
		};
		B725D7922C41C33C004D8AEA /* Frameworks */ = {
			isa = PBXFrameworksBuildPhase;
			buildActionMask = 2147483647;
			files = (
			);
			runOnlyForDeploymentPostprocessing = 0;
		};
/* End PBXFrameworksBuildPhase section */

/* Begin PBXGroup section */
		B725D7722C41C338004D8AEA = {
			isa = PBXGroup;
			children = (
				B725D8582C4707C5004D8AEA /* HomePage.swift */,
				B725D85A2C4707DA004D8AEA /* CalendarView.swift */,
				B725D85C2C4707E9004D8AEA /* SymptomsView.swift */,
				B725D85E2C4707FF004D8AEA /* FAQ.swift */,
				B725D8602C470825004D8AEA /* Stigma.swift */,
				B725D77D2C41C338004D8AEA /* Final Project */,
				B725D78E2C41C33C004D8AEA /* Final ProjectTests */,
				B725D7982C41C33C004D8AEA /* Final ProjectUITests */,
				B725D77C2C41C338004D8AEA /* Products */,
			);
			sourceTree = "<group>";
		};
		B725D77C2C41C338004D8AEA /* Products */ = {
			isa = PBXGroup;
			children = (
				B725D77B2C41C338004D8AEA /* Final Project.app */,
				B725D78B2C41C33C004D8AEA /* Final ProjectTests.xctest */,
				B725D7952C41C33C004D8AEA /* Final ProjectUITests.xctest */,
			);
			name = Products;
			sourceTree = "<group>";
		};
		B725D77D2C41C338004D8AEA /* Final Project */ = {
			isa = PBXGroup;
			children = (
				B725D77E2C41C338004D8AEA /* Final_ProjectApp.swift */,
				B725D7802C41C338004D8AEA /* ContentView.swift */,
				B725D7822C41C33B004D8AEA /* Assets.xcassets */,
				B725D7842C41C33B004D8AEA /* Preview Content */,
			);
			path = "Final Project";
			sourceTree = "<group>";
		};
		B725D7842C41C33B004D8AEA /* Preview Content */ = {
			isa = PBXGroup;
			children = (
				B725D7852C41C33B004D8AEA /* Preview Assets.xcassets */,
			);
			path = "Preview Content";
			sourceTree = "<group>";
		};
		B725D78E2C41C33C004D8AEA /* Final ProjectTests */ = {
			isa = PBXGroup;
			children = (
				B725D78F2C41C33C004D8AEA /* Final_ProjectTests.swift */,
			);
			path = "Final ProjectTests";
			sourceTree = "<group>";
		};
		B725D7982C41C33C004D8AEA /* Final ProjectUITests */ = {
			isa = PBXGroup;
			children = (
				B725D7992C41C33C004D8AEA /* Final_ProjectUITests.swift */,
				B725D79B2C41C33C004D8AEA /* Final_ProjectUITestsLaunchTests.swift */,
			);
			path = "Final ProjectUITests";
			sourceTree = "<group>";
		};
/* End PBXGroup section */

/* Begin PBXNativeTarget section */
		B725D77A2C41C338004D8AEA /* Final Project */ = {
			isa = PBXNativeTarget;
			buildConfigurationList = B725D79F2C41C33C004D8AEA /* Build configuration list for PBXNativeTarget "Final Project" */;
			buildPhases = (
				B725D7772C41C338004D8AEA /* Sources */,
				B725D7782C41C338004D8AEA /* Frameworks */,
				B725D7792C41C338004D8AEA /* Resources */,
			);
			buildRules = (
			);
			dependencies = (
			);
			name = "Final Project";
			productName = "Final Project";
			productReference = B725D77B2C41C338004D8AEA /* Final Project.app */;
			productType = "com.apple.product-type.application";
		};
		B725D78A2C41C33C004D8AEA /* Final ProjectTests */ = {
			isa = PBXNativeTarget;
			buildConfigurationList = B725D7A22C41C33C004D8AEA /* Build configuration list for PBXNativeTarget "Final ProjectTests" */;
			buildPhases = (
				B725D7872C41C33C004D8AEA /* Sources */,
				B725D7882C41C33C004D8AEA /* Frameworks */,
				B725D7892C41C33C004D8AEA /* Resources */,
			);
			buildRules = (
			);
			dependencies = (
				B725D78D2C41C33C004D8AEA /* PBXTargetDependency */,
			);
			name = "Final ProjectTests";
			productName = "Final ProjectTests";
			productReference = B725D78B2C41C33C004D8AEA /* Final ProjectTests.xctest */;
			productType = "com.apple.product-type.bundle.unit-test";
		};
		B725D7942C41C33C004D8AEA /* Final ProjectUITests */ = {
			isa = PBXNativeTarget;
			buildConfigurationList = B725D7A52C41C33C004D8AEA /* Build configuration list for PBXNativeTarget "Final ProjectUITests" */;
			buildPhases = (
				B725D7912C41C33C004D8AEA /* Sources */,
				B725D7922C41C33C004D8AEA /* Frameworks */,
				B725D7932C41C33C004D8AEA /* Resources */,
			);
			buildRules = (
			);
			dependencies = (
				B725D7972C41C33C004D8AEA /* PBXTargetDependency */,
			);
			name = "Final ProjectUITests";
			productName = "Final ProjectUITests";
			productReference = B725D7952C41C33C004D8AEA /* Final ProjectUITests.xctest */;
			productType = "com.apple.product-type.bundle.ui-testing";
		};
/* End PBXNativeTarget section */

/* Begin PBXProject section */
		B725D7732C41C338004D8AEA /* Project object */ = {
			isa = PBXProject;
			attributes = {
				BuildIndependentTargetsInParallel = 1;
				LastSwiftUpdateCheck = 1540;
				LastUpgradeCheck = 1540;
				TargetAttributes = {
					B725D77A2C41C338004D8AEA = {
						CreatedOnToolsVersion = 15.4;
					};
					B725D78A2C41C33C004D8AEA = {
						CreatedOnToolsVersion = 15.4;
						TestTargetID = B725D77A2C41C338004D8AEA;
					};
					B725D7942C41C33C004D8AEA = {
						CreatedOnToolsVersion = 15.4;
						TestTargetID = B725D77A2C41C338004D8AEA;
					};
				};
			};
			buildConfigurationList = B725D7762C41C338004D8AEA /* Build configuration list for PBXProject "Final Project" */;
			compatibilityVersion = "Xcode 14.0";
			developmentRegion = en;
			hasScannedForEncodings = 0;
			knownRegions = (
				en,
				Base,
			);
			mainGroup = B725D7722C41C338004D8AEA;
			productRefGroup = B725D77C2C41C338004D8AEA /* Products */;
			projectDirPath = "";
			projectRoot = "";
			targets = (
				B725D77A2C41C338004D8AEA /* Final Project */,
				B725D78A2C41C33C004D8AEA /* Final ProjectTests */,
				B725D7942C41C33C004D8AEA /* Final ProjectUITests */,
			);
		};
/* End PBXProject section */

/* Begin PBXResourcesBuildPhase section */
		B725D7792C41C338004D8AEA /* Resources */ = {
			isa = PBXResourcesBuildPhase;
			buildActionMask = 2147483647;
			files = (
				B725D7862C41C33B004D8AEA /* Preview Assets.xcassets in Resources */,
				B725D7832C41C33B004D8AEA /* Assets.xcassets in Resources */,
			);
			runOnlyForDeploymentPostprocessing = 0;
		};
		B725D7892C41C33C004D8AEA /* Resources */ = {
			isa = PBXResourcesBuildPhase;
			buildActionMask = 2147483647;
			files = (
			);
			runOnlyForDeploymentPostprocessing = 0;
		};
		B725D7932C41C33C004D8AEA /* Resources */ = {
			isa = PBXResourcesBuildPhase;
			buildActionMask = 2147483647;
			files = (
			);
			runOnlyForDeploymentPostprocessing = 0;
		};
/* End PBXResourcesBuildPhase section */

/* Begin PBXSourcesBuildPhase section */
		B725D7772C41C338004D8AEA /* Sources */ = {
			isa = PBXSourcesBuildPhase;
			buildActionMask = 2147483647;
			files = (
				B725D7812C41C338004D8AEA /* ContentView.swift in Sources */,
				B725D85D2C4707E9004D8AEA /* SymptomsView.swift in Sources */,
				B725D85F2C4707FF004D8AEA /* FAQ.swift in Sources */,
				B725D8612C470825004D8AEA /* Stigma.swift in Sources */,
				B725D8592C4707C6004D8AEA /* HomePage.swift in Sources */,
				B725D85B2C4707DA004D8AEA /* CalendarView.swift in Sources */,
				B725D77F2C41C338004D8AEA /* Final_ProjectApp.swift in Sources */,
			);
			runOnlyForDeploymentPostprocessing = 0;
		};
		B725D7872C41C33C004D8AEA /* Sources */ = {
			isa = PBXSourcesBuildPhase;
			buildActionMask = 2147483647;
			files = (
				B725D7902C41C33C004D8AEA /* Final_ProjectTests.swift in Sources */,
			);
			runOnlyForDeploymentPostprocessing = 0;
		};
		B725D7912C41C33C004D8AEA /* Sources */ = {
			isa = PBXSourcesBuildPhase;
			buildActionMask = 2147483647;
			files = (
				B725D79A2C41C33C004D8AEA /* Final_ProjectUITests.swift in Sources */,
				B725D79C2C41C33C004D8AEA /* Final_ProjectUITestsLaunchTests.swift in Sources */,
			);
			runOnlyForDeploymentPostprocessing = 0;
		};
/* End PBXSourcesBuildPhase section */

/* Begin PBXTargetDependency section */
		B725D78D2C41C33C004D8AEA /* PBXTargetDependency */ = {
			isa = PBXTargetDependency;
			target = B725D77A2C41C338004D8AEA /* Final Project */;
			targetProxy = B725D78C2C41C33C004D8AEA /* PBXContainerItemProxy */;
		};
		B725D7972C41C33C004D8AEA /* PBXTargetDependency */ = {
			isa = PBXTargetDependency;
			target = B725D77A2C41C338004D8AEA /* Final Project */;
			targetProxy = B725D7962C41C33C004D8AEA /* PBXContainerItemProxy */;
		};
/* End PBXTargetDependency section */

/* Begin XCBuildConfiguration section */
		B725D79D2C41C33C004D8AEA /* Debug */ = {
			isa = XCBuildConfiguration;
			buildSettings = {
				ALWAYS_SEARCH_USER_PATHS = NO;
				ASSETCATALOG_COMPILER_GENERATE_SWIFT_ASSET_SYMBOL_EXTENSIONS = YES;
				CLANG_ANALYZER_NONNULL = YES;
				CLANG_ANALYZER_NUMBER_OBJECT_CONVERSION = YES_AGGRESSIVE;
				CLANG_CXX_LANGUAGE_STANDARD = "gnu++20";
				CLANG_ENABLE_MODULES = YES;
				CLANG_ENABLE_OBJC_ARC = YES;
				CLANG_ENABLE_OBJC_WEAK = YES;
				CLANG_WARN_BLOCK_CAPTURE_AUTORELEASING = YES;
				CLANG_WARN_BOOL_CONVERSION = YES;
				CLANG_WARN_COMMA = YES;
				CLANG_WARN_CONSTANT_CONVERSION = YES;
				CLANG_WARN_DEPRECATED_OBJC_IMPLEMENTATIONS = YES;
				CLANG_WARN_DIRECT_OBJC_ISA_USAGE = YES_ERROR;
				CLANG_WARN_DOCUMENTATION_COMMENTS = YES;
				CLANG_WARN_EMPTY_BODY = YES;
				CLANG_WARN_ENUM_CONVERSION = YES;
				CLANG_WARN_INFINITE_RECURSION = YES;
				CLANG_WARN_INT_CONVERSION = YES;
				CLANG_WARN_NON_LITERAL_NULL_CONVERSION = YES;
				CLANG_WARN_OBJC_IMPLICIT_RETAIN_SELF = YES;
				CLANG_WARN_OBJC_LITERAL_CONVERSION = YES;
				CLANG_WARN_OBJC_ROOT_CLASS = YES_ERROR;
				CLANG_WARN_QUOTED_INCLUDE_IN_FRAMEWORK_HEADER = YES;
				CLANG_WARN_RANGE_LOOP_ANALYSIS = YES;
				CLANG_WARN_STRICT_PROTOTYPES = YES;
				CLANG_WARN_SUSPICIOUS_MOVE = YES;
				CLANG_WARN_UNGUARDED_AVAILABILITY = YES_AGGRESSIVE;
				CLANG_WARN_UNREACHABLE_CODE = YES;
				CLANG_WARN__DUPLICATE_METHOD_MATCH = YES;
				COPY_PHASE_STRIP = NO;
				DEBUG_INFORMATION_FORMAT = dwarf;
				ENABLE_STRICT_OBJC_MSGSEND = YES;
				ENABLE_TESTABILITY = YES;
				ENABLE_USER_SCRIPT_SANDBOXING = YES;
				GCC_C_LANGUAGE_STANDARD = gnu17;
				GCC_DYNAMIC_NO_PIC = NO;
				GCC_NO_COMMON_BLOCKS = YES;
				GCC_OPTIMIZATION_LEVEL = 0;
				GCC_PREPROCESSOR_DEFINITIONS = (
					"DEBUG=1",
					"$(inherited)",
				);
				GCC_WARN_64_TO_32_BIT_CONVERSION = YES;
				GCC_WARN_ABOUT_RETURN_TYPE = YES_ERROR;
				GCC_WARN_UNDECLARED_SELECTOR = YES;
				GCC_WARN_UNINITIALIZED_AUTOS = YES_AGGRESSIVE;
				GCC_WARN_UNUSED_FUNCTION = YES;
				GCC_WARN_UNUSED_VARIABLE = YES;
				IPHONEOS_DEPLOYMENT_TARGET = 17.5;
				LOCALIZATION_PREFERS_STRING_CATALOGS = YES;
				MTL_ENABLE_DEBUG_INFO = INCLUDE_SOURCE;
				MTL_FAST_MATH = YES;
				ONLY_ACTIVE_ARCH = YES;
				SDKROOT = iphoneos;
				SWIFT_ACTIVE_COMPILATION_CONDITIONS = "DEBUG $(inherited)";
				SWIFT_OPTIMIZATION_LEVEL = "-Onone";
			};
			name = Debug;
		};
		B725D79E2C41C33C004D8AEA /* Release */ = {
			isa = XCBuildConfiguration;
			buildSettings = {
				ALWAYS_SEARCH_USER_PATHS = NO;
				ASSETCATALOG_COMPILER_GENERATE_SWIFT_ASSET_SYMBOL_EXTENSIONS = YES;
				CLANG_ANALYZER_NONNULL = YES;
				CLANG_ANALYZER_NUMBER_OBJECT_CONVERSION = YES_AGGRESSIVE;
				CLANG_CXX_LANGUAGE_STANDARD = "gnu++20";
				CLANG_ENABLE_MODULES = YES;
				CLANG_ENABLE_OBJC_ARC = YES;
				CLANG_ENABLE_OBJC_WEAK = YES;
				CLANG_WARN_BLOCK_CAPTURE_AUTORELEASING = YES;
				CLANG_WARN_BOOL_CONVERSION = YES;
				CLANG_WARN_COMMA = YES;
				CLANG_WARN_CONSTANT_CONVERSION = YES;
				CLANG_WARN_DEPRECATED_OBJC_IMPLEMENTATIONS = YES;
				CLANG_WARN_DIRECT_OBJC_ISA_USAGE = YES_ERROR;
				CLANG_WARN_DOCUMENTATION_COMMENTS = YES;
				CLANG_WARN_EMPTY_BODY = YES;
				CLANG_WARN_ENUM_CONVERSION = YES;
				CLANG_WARN_INFINITE_RECURSION = YES;
				CLANG_WARN_INT_CONVERSION = YES;
				CLANG_WARN_NON_LITERAL_NULL_CONVERSION = YES;
				CLANG_WARN_OBJC_IMPLICIT_RETAIN_SELF = YES;
				CLANG_WARN_OBJC_LITERAL_CONVERSION = YES;
				CLANG_WARN_OBJC_ROOT_CLASS = YES_ERROR;
				CLANG_WARN_QUOTED_INCLUDE_IN_FRAMEWORK_HEADER = YES;
				CLANG_WARN_RANGE_LOOP_ANALYSIS = YES;
				CLANG_WARN_STRICT_PROTOTYPES = YES;
				CLANG_WARN_SUSPICIOUS_MOVE = YES;
				CLANG_WARN_UNGUARDED_AVAILABILITY = YES_AGGRESSIVE;
				CLANG_WARN_UNREACHABLE_CODE = YES;
				CLANG_WARN__DUPLICATE_METHOD_MATCH = YES;
				COPY_PHASE_STRIP = NO;
				DEBUG_INFORMATION_FORMAT = "dwarf-with-dsym";
				ENABLE_NS_ASSERTIONS = NO;
				ENABLE_STRICT_OBJC_MSGSEND = YES;
				ENABLE_USER_SCRIPT_SANDBOXING = YES;
				GCC_C_LANGUAGE_STANDARD = gnu17;
				GCC_NO_COMMON_BLOCKS = YES;
				GCC_WARN_64_TO_32_BIT_CONVERSION = YES;
				GCC_WARN_ABOUT_RETURN_TYPE = YES_ERROR;
				GCC_WARN_UNDECLARED_SELECTOR = YES;
				GCC_WARN_UNINITIALIZED_AUTOS = YES_AGGRESSIVE;
				GCC_WARN_UNUSED_FUNCTION = YES;
				GCC_WARN_UNUSED_VARIABLE = YES;
				IPHONEOS_DEPLOYMENT_TARGET = 17.5;
				LOCALIZATION_PREFERS_STRING_CATALOGS = YES;
				MTL_ENABLE_DEBUG_INFO = NO;
				MTL_FAST_MATH = YES;
				SDKROOT = iphoneos;
				SWIFT_COMPILATION_MODE = wholemodule;
				VALIDATE_PRODUCT = YES;
			};
			name = Release;
		};
		B725D7A02C41C33C004D8AEA /* Debug */ = {
			isa = XCBuildConfiguration;
			buildSettings = {
				ASSETCATALOG_COMPILER_APPICON_NAME = AppIcon;
				ASSETCATALOG_COMPILER_GLOBAL_ACCENT_COLOR_NAME = AccentColor;
				CODE_SIGN_STYLE = Automatic;
				CURRENT_PROJECT_VERSION = 1;
				DEVELOPMENT_ASSET_PATHS = "\"Final Project/Preview Content\"";
				ENABLE_PREVIEWS = YES;
				GENERATE_INFOPLIST_FILE = YES;
				INFOPLIST_KEY_UIApplicationSceneManifest_Generation = YES;
				INFOPLIST_KEY_UIApplicationSupportsIndirectInputEvents = YES;
				INFOPLIST_KEY_UILaunchScreen_Generation = YES;
				INFOPLIST_KEY_UISupportedInterfaceOrientations_iPad = "UIInterfaceOrientationPortrait UIInterfaceOrientationPortraitUpsideDown UIInterfaceOrientationLandscapeLeft UIInterfaceOrientationLandscapeRight";
				INFOPLIST_KEY_UISupportedInterfaceOrientations_iPhone = "UIInterfaceOrientationPortrait UIInterfaceOrientationLandscapeLeft UIInterfaceOrientationLandscapeRight";
				LD_RUNPATH_SEARCH_PATHS = (
					"$(inherited)",
					"@executable_path/Frameworks",
				);
				MARKETING_VERSION = 1.0;
				PRODUCT_BUNDLE_IDENTIFIER = "KWK.Final-Project";
				PRODUCT_NAME = "$(TARGET_NAME)";
				SWIFT_EMIT_LOC_STRINGS = YES;
				SWIFT_VERSION = 5.0;
				TARGETED_DEVICE_FAMILY = "1,2";
			};
			name = Debug;
		};
		B725D7A12C41C33C004D8AEA /* Release */ = {
			isa = XCBuildConfiguration;
			buildSettings = {
				ASSETCATALOG_COMPILER_APPICON_NAME = AppIcon;
				ASSETCATALOG_COMPILER_GLOBAL_ACCENT_COLOR_NAME = AccentColor;
				CODE_SIGN_STYLE = Automatic;
				CURRENT_PROJECT_VERSION = 1;
				DEVELOPMENT_ASSET_PATHS = "\"Final Project/Preview Content\"";
				ENABLE_PREVIEWS = YES;
				GENERATE_INFOPLIST_FILE = YES;
				INFOPLIST_KEY_UIApplicationSceneManifest_Generation = YES;
				INFOPLIST_KEY_UIApplicationSupportsIndirectInputEvents = YES;
				INFOPLIST_KEY_UILaunchScreen_Generation = YES;
				INFOPLIST_KEY_UISupportedInterfaceOrientations_iPad = "UIInterfaceOrientationPortrait UIInterfaceOrientationPortraitUpsideDown UIInterfaceOrientationLandscapeLeft UIInterfaceOrientationLandscapeRight";
				INFOPLIST_KEY_UISupportedInterfaceOrientations_iPhone = "UIInterfaceOrientationPortrait UIInterfaceOrientationLandscapeLeft UIInterfaceOrientationLandscapeRight";
				LD_RUNPATH_SEARCH_PATHS = (
					"$(inherited)",
					"@executable_path/Frameworks",
				);
				MARKETING_VERSION = 1.0;
				PRODUCT_BUNDLE_IDENTIFIER = "KWK.Final-Project";
				PRODUCT_NAME = "$(TARGET_NAME)";
				SWIFT_EMIT_LOC_STRINGS = YES;
				SWIFT_VERSION = 5.0;
				TARGETED_DEVICE_FAMILY = "1,2";
			};
			name = Release;
		};
		B725D7A32C41C33C004D8AEA /* Debug */ = {
			isa = XCBuildConfiguration;
			buildSettings = {
				ALWAYS_EMBED_SWIFT_STANDARD_LIBRARIES = YES;
				BUNDLE_LOADER = "$(TEST_HOST)";
				CODE_SIGN_STYLE = Automatic;
				CURRENT_PROJECT_VERSION = 1;
				GENERATE_INFOPLIST_FILE = YES;
				IPHONEOS_DEPLOYMENT_TARGET = 17.5;
				MARKETING_VERSION = 1.0;
				PRODUCT_BUNDLE_IDENTIFIER = "KWK.Final-ProjectTests";
				PRODUCT_NAME = "$(TARGET_NAME)";
				SWIFT_EMIT_LOC_STRINGS = NO;
				SWIFT_VERSION = 5.0;
				TARGETED_DEVICE_FAMILY = "1,2";
				TEST_HOST = "$(BUILT_PRODUCTS_DIR)/Final Project.app/$(BUNDLE_EXECUTABLE_FOLDER_PATH)/Final Project";
			};
			name = Debug;
		};
		B725D7A42C41C33C004D8AEA /* Release */ = {
			isa = XCBuildConfiguration;
			buildSettings = {
				ALWAYS_EMBED_SWIFT_STANDARD_LIBRARIES = YES;
				BUNDLE_LOADER = "$(TEST_HOST)";
				CODE_SIGN_STYLE = Automatic;
				CURRENT_PROJECT_VERSION = 1;
				GENERATE_INFOPLIST_FILE = YES;
				IPHONEOS_DEPLOYMENT_TARGET = 17.5;
				MARKETING_VERSION = 1.0;
				PRODUCT_BUNDLE_IDENTIFIER = "KWK.Final-ProjectTests";
				PRODUCT_NAME = "$(TARGET_NAME)";
				SWIFT_EMIT_LOC_STRINGS = NO;
				SWIFT_VERSION = 5.0;
				TARGETED_DEVICE_FAMILY = "1,2";
				TEST_HOST = "$(BUILT_PRODUCTS_DIR)/Final Project.app/$(BUNDLE_EXECUTABLE_FOLDER_PATH)/Final Project";
			};
			name = Release;
		};
		B725D7A62C41C33C004D8AEA /* Debug */ = {
			isa = XCBuildConfiguration;
			buildSettings = {
				ALWAYS_EMBED_SWIFT_STANDARD_LIBRARIES = YES;
				CODE_SIGN_STYLE = Automatic;
				CURRENT_PROJECT_VERSION = 1;
				GENERATE_INFOPLIST_FILE = YES;
				MARKETING_VERSION = 1.0;
				PRODUCT_BUNDLE_IDENTIFIER = "KWK.Final-ProjectUITests";
				PRODUCT_NAME = "$(TARGET_NAME)";
				SWIFT_EMIT_LOC_STRINGS = NO;
				SWIFT_VERSION = 5.0;
				TARGETED_DEVICE_FAMILY = "1,2";
				TEST_TARGET_NAME = "Final Project";
			};
			name = Debug;
		};
		B725D7A72C41C33C004D8AEA /* Release */ = {
			isa = XCBuildConfiguration;
			buildSettings = {
				ALWAYS_EMBED_SWIFT_STANDARD_LIBRARIES = YES;
				CODE_SIGN_STYLE = Automatic;
				CURRENT_PROJECT_VERSION = 1;
				GENERATE_INFOPLIST_FILE = YES;
				MARKETING_VERSION = 1.0;
				PRODUCT_BUNDLE_IDENTIFIER = "KWK.Final-ProjectUITests";
				PRODUCT_NAME = "$(TARGET_NAME)";
				SWIFT_EMIT_LOC_STRINGS = NO;
				SWIFT_VERSION = 5.0;
				TARGETED_DEVICE_FAMILY = "1,2";
				TEST_TARGET_NAME = "Final Project";
			};
			name = Release;
		};
/* End XCBuildConfiguration section */

/* Begin XCConfigurationList section */
		B725D7762C41C338004D8AEA /* Build configuration list for PBXProject "Final Project" */ = {
			isa = XCConfigurationList;
			buildConfigurations = (
				B725D79D2C41C33C004D8AEA /* Debug */,
				B725D79E2C41C33C004D8AEA /* Release */,
			);
			defaultConfigurationIsVisible = 0;
			defaultConfigurationName = Release;
		};
		B725D79F2C41C33C004D8AEA /* Build configuration list for PBXNativeTarget "Final Project" */ = {
			isa = XCConfigurationList;
			buildConfigurations = (
				B725D7A02C41C33C004D8AEA /* Debug */,
				B725D7A12C41C33C004D8AEA /* Release */,
			);
			defaultConfigurationIsVisible = 0;
			defaultConfigurationName = Release;
		};
		B725D7A22C41C33C004D8AEA /* Build configuration list for PBXNativeTarget "Final ProjectTests" */ = {
			isa = XCConfigurationList;
			buildConfigurations = (
				B725D7A32C41C33C004D8AEA /* Debug */,
				B725D7A42C41C33C004D8AEA /* Release */,
			);
			defaultConfigurationIsVisible = 0;
			defaultConfigurationName = Release;
		};
		B725D7A52C41C33C004D8AEA /* Build configuration list for PBXNativeTarget "Final ProjectUITests" */ = {
			isa = XCConfigurationList;
			buildConfigurations = (
				B725D7A62C41C33C004D8AEA /* Debug */,
				B725D7A72C41C33C004D8AEA /* Release */,
			);
			defaultConfigurationIsVisible = 0;
			defaultConfigurationName = Release;
		};
/* End XCConfigurationList section */
	};
	rootObject = B725D7732C41C338004D8AEA /* Project object */;
}
